
Microsoft Visual Studio Solution File, Format Version 11.00
# Visual Studio 2010
Project("{8BC9CEB8-8B4A-11D0-8D11-00A0C91BC942}") = "VR_FEM", "VR_FEM\VR_FEM.vcxproj", "{B59E44F3-1C40-4138-9840-0FBE9C5A6353}"
EndProject
Global
	GlobalSection(SolutionConfigurationPlatforms) = preSolution
		Debug|Win32 = Debug|Win32
		Release|Win32 = Release|Win32
	EndGlobalSection
	GlobalSection(ProjectConfigurationPlatforms) = postSolution
		{B59E44F3-1C40-4138-9840-0FBE9C5A6353}.Debug|Win32.ActiveCfg = Debug|Win32
		{B59E44F3-1C40-4138-9840-0FBE9C5A6353}.Debug|Win32.Build.0 = Debug|Win32
		{B59E44F3-1C40-4138-9840-0FBE9C5A6353}.Release|Win32.ActiveCfg = Release|Win32
		{B59E44F3-1C40-4138-9840-0FBE9C5A6353}.Release|Win32.Build.0 = Release|Win32
	EndGlobalSection
	GlobalSection(SolutionProperties) = preSolution
		HideSolutionNode = FALSE
	EndGlobalSection
EndGlobal
