<?xml version="1.0" encoding="utf-8"?>
<Project ToolsVersion="4.0" xmlns="http://schemas.microsoft.com/developer/msbuild/2003">
  <ItemGroup>
    <Filter Include="Source Files">
      <UniqueIdentifier>{4FC737F1-C7A5-4376-A066-2A32D752A2FF}</UniqueIdentifier>
      <Extensions>cpp;c;cc;cxx;def;odl;idl;hpj;bat;asm;asmx</Extensions>
    </Filter>
    <Filter Include="Header Files">
      <UniqueIdentifier>{93995380-89BD-4b04-88EB-625FBE52EBFB}</UniqueIdentifier>
      <Extensions>h;hpp;hxx;hm;inl;inc;xsd</Extensions>
    </Filter>
    <Filter Include="Resource Files">
      <UniqueIdentifier>{67DA6AB6-F800-4c08-8B7A-83BB121AAD01}</UniqueIdentifier>
      <Extensions>rc;ico;cur;bmp;dlg;rc2;rct;bin;rgs;gif;jpg;jpeg;jpe;resx;tiff;tif;png;wav</Extensions>
    </Filter>
  </ItemGroup>
  <ItemGroup>
    <ClCompile Include="Cell.cpp">
      <Filter>Source Files</Filter>
    </ClCompile>
    <ClCompile Include="Maths\COLOR.cpp">
      <Filter>Source Files</Filter>
    </ClCompile>
    <ClCompile Include="constant_numbers.cpp">
      <Filter>Source Files</Filter>
    </ClCompile>
    <ClCompile Include="FEM_Couple_EFG.cpp">
      <Filter>Source Files</Filter>
    </ClCompile>
    <ClCompile Include="Maths\MATRIX4X4.cpp">
      <Filter>Source Files</Filter>
    </ClCompile>
    <ClCompile Include="MeshGenerate.cpp">
      <Filter>Source Files</Filter>
    </ClCompile>
    <ClCompile Include="Maths\PLANE.cpp">
      <Filter>Source Files</Filter>
    </ClCompile>
    <ClCompile Include="Polynomial.cpp">
      <Filter>Source Files</Filter>
    </ClCompile>
    <ClCompile Include="stdafx.cpp">
      <Filter>Source Files</Filter>
    </ClCompile>
    <ClCompile Include="Maths\VECTOR2D.cpp">
      <Filter>Source Files</Filter>
    </ClCompile>
    <ClCompile Include="Maths\VECTOR3D.cpp">
      <Filter>Source Files</Filter>
    </ClCompile>
    <ClCompile Include="Maths\VECTOR4D.cpp">
      <Filter>Source Files</Filter>
    </ClCompile>
    <ClCompile Include="Vertex.cpp">
      <Filter>Source Files</Filter>
    </ClCompile>
    <ClCompile Include="preconditionrelaxation.cpp">
      <Filter>Source Files</Filter>
    </ClCompile>
    <ClCompile Include="preconditionssor.cpp">
      <Filter>Source Files</Filter>
    </ClCompile>
    <ClCompile Include="solver.cpp">
      <Filter>Source Files</Filter>
    </ClCompile>
    <ClCompile Include="solvercg.cpp">
      <Filter>Source Files</Filter>
    </ClCompile>
    <ClCompile Include="solvercontrol.cpp">
      <Filter>Source Files</Filter>
    </ClCompile>
    <ClCompile Include="datacache.cpp">
      <Filter>Source Files</Filter>
    </ClCompile>
    <ClCompile Include="distributing.cpp">
      <Filter>Source Files</Filter>
    </ClCompile>
    <ClCompile Include="globalrowsfromlocal.cpp">
      <Filter>Source Files</Filter>
    </ClCompile>
    <ClCompile Include="BlasOperator.cpp">
      <Filter>Source Files</Filter>
    </ClCompile>
    <ClCompile Include="Frame\Axis_YC.cpp">
      <Filter>Source Files</Filter>
    </ClCompile>
    <ClCompile Include="Frame\Quater_YC.cpp">
      <Filter>Source Files</Filter>
    </ClCompile>
    <ClCompile Include="steak_data.cpp">
      <Filter>Source Files</Filter>
    </ClCompile>
    <ClCompile Include="MeshGenerate_Cuda.cpp">
      <Filter>Source Files</Filter>
    </ClCompile>
    <ClCompile Include="vbo_function.cpp">
      <Filter>Source Files</Filter>
    </ClCompile>
    <ClCompile Include="MeshGenerate_FEM.cpp">
      <Filter>Source Files</Filter>
    </ClCompile>
    <ClCompile Include="VR_Global_Define.cpp">
      <Filter>Source Files</Filter>
    </ClCompile>
    <ClCompile Include="MeshGenerate_MeshCutting.cpp">
      <Filter>Source Files</Filter>
    </ClCompile>
    <ClCompile Include="Delaunay\Delaunay.cpp">
      <Filter>Source Files</Filter>
    </ClCompile>
    <ClCompile Include="LookUp.cpp">
      <Filter>Source Files</Filter>
    </ClCompile>
    <ClCompile Include="Configure\ini.cpp">
      <Filter>Source Files</Filter>
    </ClCompile>
    <ClCompile Include="Configure\INIReader.cpp">
      <Filter>Source Files</Filter>
    </ClCompile>
    <ClCompile Include="Configure\INIReaderTest.cpp">
      <Filter>Source Files</Filter>
    </ClCompile>
    <ClCompile Include="MeshParser_Obj\objParser.cpp">
      <Filter>Source Files</Filter>
    </ClCompile>
    <ClCompile Include="ElasticSimulation_Couple.cpp">
      <Filter>Source Files</Filter>
    </ClCompile>
    <ClCompile Include="CG\preconditionrelaxation.cpp">
      <Filter>Source Files</Filter>
    </ClCompile>
    <ClCompile Include="CG\preconditionssor.cpp">
      <Filter>Source Files</Filter>
    </ClCompile>
    <ClCompile Include="CG\solver.cpp">
      <Filter>Source Files</Filter>
    </ClCompile>
    <ClCompile Include="CG\solvercg.cpp">
      <Filter>Source Files</Filter>
    </ClCompile>
    <ClCompile Include="CG\solvercontrol.cpp">
      <Filter>Source Files</Filter>
    </ClCompile>
  </ItemGroup>
  <ItemGroup>
    <ClInclude Include="Cell.h">
      <Filter>Header Files</Filter>
    </ClInclude>
    <ClInclude Include="Maths\COLOR.h">
      <Filter>Header Files</Filter>
    </ClInclude>
    <ClInclude Include="constant_numbers.h">
      <Filter>Header Files</Filter>
    </ClInclude>
    <ClInclude Include="FEM_Shape_Gradient_Gauss.h">
      <Filter>Header Files</Filter>
    </ClInclude>
    <ClInclude Include="Maths\Maths.h">
      <Filter>Header Files</Filter>
    </ClInclude>
    <ClInclude Include="Maths\MATRIX4X4.h">
      <Filter>Header Files</Filter>
    </ClInclude>
    <ClInclude Include="MeshGenerate.h">
      <Filter>Header Files</Filter>
    </ClInclude>
    <ClInclude Include="plane.h">
      <Filter>Header Files</Filter>
    </ClInclude>
    <ClInclude Include="Maths\PLANE.h">
      <Filter>Header Files</Filter>
    </ClInclude>
    <ClInclude Include="Polynomial.h">
      <Filter>Header Files</Filter>
    </ClInclude>
    <ClInclude Include="stdafx.h">
      <Filter>Header Files</Filter>
    </ClInclude>
    <ClInclude Include="targetver.h">
      <Filter>Header Files</Filter>
    </ClInclude>
    <ClInclude Include="Maths\VECTOR2D.h">
      <Filter>Header Files</Filter>
    </ClInclude>
    <ClInclude Include="Maths\VECTOR3D.h">
      <Filter>Header Files</Filter>
    </ClInclude>
    <ClInclude Include="Maths\VECTOR4D.h">
      <Filter>Header Files</Filter>
    </ClInclude>
    <ClInclude Include="Vertex.h">
      <Filter>Header Files</Filter>
    </ClInclude>
    <ClInclude Include="VR_Global_Define.h">
      <Filter>Header Files</Filter>
    </ClInclude>
    <ClInclude Include="preconditionrelaxation.h">
      <Filter>Header Files</Filter>
    </ClInclude>
    <ClInclude Include="preconditionssor.h">
      <Filter>Header Files</Filter>
    </ClInclude>
    <ClInclude Include="solver.h">
      <Filter>Header Files</Filter>
    </ClInclude>
    <ClInclude Include="solvercg.h">
      <Filter>Header Files</Filter>
    </ClInclude>
    <ClInclude Include="solvercontrol.h">
      <Filter>Header Files</Filter>
    </ClInclude>
    <ClInclude Include="datacache.h">
      <Filter>Header Files</Filter>
    </ClInclude>
    <ClInclude Include="distributing.h">
      <Filter>Header Files</Filter>
    </ClInclude>
    <ClInclude Include="globalrowsfromlocal.h">
      <Filter>Header Files</Filter>
    </ClInclude>
    <ClInclude Include="TripletNode.h">
      <Filter>Header Files</Filter>
    </ClInclude>
    <ClInclude Include="BlasOperator.h">
      <Filter>Header Files</Filter>
    </ClInclude>
    <ClInclude Include="Frame\Axis_YC.h">
      <Filter>Header Files</Filter>
    </ClInclude>
    <ClInclude Include="Frame\Mat_YC.h">
      <Filter>Header Files</Filter>
    </ClInclude>
    <ClInclude Include="Frame\Quater_YC.h">
      <Filter>Header Files</Filter>
    </ClInclude>
    <ClInclude Include="Frame\Vec_YC.h">
      <Filter>Header Files</Filter>
    </ClInclude>
    <ClInclude Include="triangleMeshStruct.h">
      <Filter>Header Files</Filter>
    </ClInclude>
    <ClInclude Include="CellToTriangleMeshVertice.h">
      <Filter>Header Files</Filter>
    </ClInclude>
    <ClInclude Include="CellStructOnCuda.h">
      <Filter>Header Files</Filter>
    </ClInclude>
    <ClInclude Include="MeshCuttingStructure.h">
      <Filter>Header Files</Filter>
    </ClInclude>
    <ClInclude Include="Delaunay\Delaunay.h">
      <Filter>Header Files</Filter>
    </ClInclude>
    <ClInclude Include="MeshCuttingStructureOnCuda.h">
      <Filter>Header Files</Filter>
    </ClInclude>
    <ClInclude Include="Configure\ini.h">
      <Filter>Header Files</Filter>
    </ClInclude>
    <ClInclude Include="Configure\INIReader.h">
      <Filter>Header Files</Filter>
    </ClInclude>
    <ClInclude Include="Simulation.h">
      <Filter>Header Files</Filter>
    </ClInclude>
    <ClInclude Include="ElasticSimulation.h">
      <Filter>Header Files</Filter>
    </ClInclude>
    <ClInclude Include="ElasticSimulation_Couple.h">
      <Filter>Header Files</Filter>
    </ClInclude>
    <ClInclude Include="MeshParser_Obj\MeshParser.h">
      <Filter>Header Files</Filter>
    </ClInclude>
    <ClInclude Include="MeshParser_Obj\objParser.h">
      <Filter>Header Files</Filter>
    </ClInclude>
    <ClInclude Include="CG\preconditionrelaxation.h">
      <Filter>Header Files</Filter>
    </ClInclude>
    <ClInclude Include="CG\preconditionssor.h">
      <Filter>Header Files</Filter>
    </ClInclude>
    <ClInclude Include="CG\solver.h">
      <Filter>Header Files</Filter>
    </ClInclude>
    <ClInclude Include="CG\solvercg.h">
      <Filter>Header Files</Filter>
    </ClInclude>
    <ClInclude Include="CG\solvercontrol.h">
      <Filter>Header Files</Filter>
    </ClInclude>
    <ClInclude Include="ForceCoupleNode.h">
      <Filter>Header Files</Filter>
    </ClInclude>
  </ItemGroup>
  <ItemGroup>
    <None Include="ReadMe.txt" />
    <None Include="CUDA\cuPrintf.cuh">
      <Filter>Header Files</Filter>
    </None>
  </ItemGroup>
  <ItemGroup>
    <CudaCompile Include="CUDA\cuPrintf.cu">
      <Filter>Source Files</Filter>
    </CudaCompile>
    <CudaCompile Include="CUDA\kernelVBO.cu">
      <Filter>Source Files</Filter>
    </CudaCompile>
    <CudaCompile Include="CUDA\simplePrintf.cu">
      <Filter>Source Files</Filter>
    </CudaCompile>
    <CudaCompile Include="CUDA\ousp_cg.cu">
      <Filter>Source Files</Filter>
    </CudaCompile>
  </ItemGroup>
</Project>